
Microsoft Visual Studio Solution File, Format Version 12.00
# Visual Studio Version 16
VisualStudioVersion = 16.0.31205.134
MinimumVisualStudioVersion = 10.0.40219.1
Project("{9A19103F-16F7-4668-BE54-9A1E7A4F7556}") = "CarDealership.UI", "CarDealership.UI\CarDealership.UI.csproj", "{FB8FD660-3A34-48A4-8270-CDA72F83BF44}"
EndProject
Project("{9A19103F-16F7-4668-BE54-9A1E7A4F7556}") = "Cardealership.Shared", "Cardealership.Shared\Cardealership.Shared.csproj", "{B4DBABF5-378B-48AF-9FCF-FDDB4D5D563E}"
EndProject
Project("{FAE04EC0-301F-11D3-BF4B-00C04F79EFBC}") = "CarDealership.Data", "CarDealership.Data\CarDealership.Data.csproj", "{CE6BE136-2357-48C1-B061-ECF98509FD64}"
EndProject
Global
	GlobalSection(SolutionConfigurationPlatforms) = preSolution
		Debug|Any CPU = Debug|Any CPU
		Release|Any CPU = Release|Any CPU
	EndGlobalSection
	GlobalSection(ProjectConfigurationPlatforms) = postSolution
		{FB8FD660-3A34-48A4-8270-CDA72F83BF44}.Debug|Any CPU.ActiveCfg = Debug|Any CPU
		{FB8FD660-3A34-48A4-8270-CDA72F83BF44}.Debug|Any CPU.Build.0 = Debug|Any CPU
		{FB8FD660-3A34-48A4-8270-CDA72F83BF44}.Release|Any CPU.ActiveCfg = Release|Any CPU
		{FB8FD660-3A34-48A4-8270-CDA72F83BF44}.Release|Any CPU.Build.0 = Release|Any CPU
		{B4DBABF5-378B-48AF-9FCF-FDDB4D5D563E}.Debug|Any CPU.ActiveCfg = Debug|Any CPU
		{B4DBABF5-378B-48AF-9FCF-FDDB4D5D563E}.Debug|Any CPU.Build.0 = Debug|Any CPU
		{B4DBABF5-378B-48AF-9FCF-FDDB4D5D563E}.Release|Any CPU.ActiveCfg = Release|Any CPU
		{B4DBABF5-378B-48AF-9FCF-FDDB4D5D563E}.Release|Any CPU.Build.0 = Release|Any CPU
		{CE6BE136-2357-48C1-B061-ECF98509FD64}.Debug|Any CPU.ActiveCfg = Debug|Any CPU
		{CE6BE136-2357-48C1-B061-ECF98509FD64}.Debug|Any CPU.Build.0 = Debug|Any CPU
		{CE6BE136-2357-48C1-B061-ECF98509FD64}.Release|Any CPU.ActiveCfg = Release|Any CPU
		{CE6BE136-2357-48C1-B061-ECF98509FD64}.Release|Any CPU.Build.0 = Release|Any CPU
	EndGlobalSection
	GlobalSection(SolutionProperties) = preSolution
		HideSolutionNode = FALSE
	EndGlobalSection
	GlobalSection(ExtensibilityGlobals) = postSolution
		SolutionGuid = {A1435828-93DD-4775-B416-E8DFC887453A}
	EndGlobalSection
EndGlobal
